
Microsoft Visual Studio Solution File, Format Version 12.00
# Visual Studio Version 17
VisualStudioVersion = 17.0.32126.317
MinimumVisualStudioVersion = 10.0.40219.1
Project("{FAE04EC0-301F-11D3-BF4B-00C04F79EFBC}") = "FBA_AnalystAPI", "FBA_AnalystAPI\FBA_AnalystAPI.csproj", "{E206A4BB-E1DA-4C62-A2D8-1E93EA480ED0}"
EndProject
Global
	GlobalSection(SolutionConfigurationPlatforms) = preSolution
		Debug|Any CPU = Debug|Any CPU
		Release|Any CPU = Release|Any CPU
	EndGlobalSection
	GlobalSection(ProjectConfigurationPlatforms) = postSolution
		{E206A4BB-E1DA-4C62-A2D8-1E93EA480ED0}.Debug|Any CPU.ActiveCfg = Debug|Any CPU
		{E206A4BB-E1DA-4C62-A2D8-1E93EA480ED0}.Debug|Any CPU.Build.0 = Debug|Any CPU
		{E206A4BB-E1DA-4C62-A2D8-1E93EA480ED0}.Release|Any CPU.ActiveCfg = Release|Any CPU
		{E206A4BB-E1DA-4C62-A2D8-1E93EA480ED0}.Release|Any CPU.Build.0 = Release|Any CPU
	EndGlobalSection
	GlobalSection(SolutionProperties) = preSolution
		HideSolutionNode = FALSE
	EndGlobalSection
	GlobalSection(ExtensibilityGlobals) = postSolution
		SolutionGuid = {2713A796-035C-4788-8BBD-2CE4A3FC25AB}
	EndGlobalSection
EndGlobal
